github.com/voodooEntity/archivist v1.0.2 h1:QesszRfOPdGmkT1ieAXa6LkRkch/22R/LPTu8DFkKUY=
github.com/voodooEntity/archivist v1.0.2/go.mod h1:Kw+7tEDicfscFX3Kl4wzTmICO66MjWxpXlFEP3UJCGc=
github.com/voodooEntity/gits v0.0.21 h1:ryhVu+V2xDAh7FBLgQm7riajAJ/NWb17BbQbE6Kaq6s=
github.com/voodooEntity/gits v0.0.21/go.mod h1:8spOvNEi3UeUTqbRtZZaYmUUVMBmvrR/k6LMOIkbXkc=
